
Microsoft Visual Studio Solution File, Format Version 12.00
# Visual Studio Version 16
VisualStudioVersion = 16.0.30320.27
MinimumVisualStudioVersion = 10.0.40219.1
Project("{FAE04EC0-301F-11D3-BF4B-00C04F79EFBC}") = "Client", "Client\Client.csproj", "{D5A4123F-87B9-4DCE-A38D-4C57C61921E7}"
EndProject
Project("{FAE04EC0-301F-11D3-BF4B-00C04F79EFBC}") = "Server", "Server\Server.csproj", "{84FA7598-E280-45A8-9B94-7876E2871258}"
EndProject
Project("{FAE04EC0-301F-11D3-BF4B-00C04F79EFBC}") = "GameServer", "GameServer\GameServer.csproj", "{531E0980-7EE1-404A-AB63-F39F0876D5C5}"
EndProject
Project("{FAE04EC0-301F-11D3-BF4B-00C04F79EFBC}") = "AhpilySever", "Ahpily\AhpilySever.csproj", "{8E58006B-6601-4C8D-9684-E6A3B9D52B47}"
EndProject
Project("{FAE04EC0-301F-11D3-BF4B-00C04F79EFBC}") = "Protocol", "Protocol\Protocol.csproj", "{80F42633-62CB-45D5-A243-07914D540A02}"
EndProject
Global
	GlobalSection(SolutionConfigurationPlatforms) = preSolution
		Debug|Any CPU = Debug|Any CPU
		Release|Any CPU = Release|Any CPU
	EndGlobalSection
	GlobalSection(ProjectConfigurationPlatforms) = postSolution
		{D5A4123F-87B9-4DCE-A38D-4C57C61921E7}.Debug|Any CPU.ActiveCfg = Debug|Any CPU
		{D5A4123F-87B9-4DCE-A38D-4C57C61921E7}.Debug|Any CPU.Build.0 = Debug|Any CPU
		{D5A4123F-87B9-4DCE-A38D-4C57C61921E7}.Release|Any CPU.ActiveCfg = Release|Any CPU
		{D5A4123F-87B9-4DCE-A38D-4C57C61921E7}.Release|Any CPU.Build.0 = Release|Any CPU
		{84FA7598-E280-45A8-9B94-7876E2871258}.Debug|Any CPU.ActiveCfg = Debug|Any CPU
		{84FA7598-E280-45A8-9B94-7876E2871258}.Debug|Any CPU.Build.0 = Debug|Any CPU
		{84FA7598-E280-45A8-9B94-7876E2871258}.Release|Any CPU.ActiveCfg = Release|Any CPU
		{84FA7598-E280-45A8-9B94-7876E2871258}.Release|Any CPU.Build.0 = Release|Any CPU
		{531E0980-7EE1-404A-AB63-F39F0876D5C5}.Debug|Any CPU.ActiveCfg = Debug|Any CPU
		{531E0980-7EE1-404A-AB63-F39F0876D5C5}.Debug|Any CPU.Build.0 = Debug|Any CPU
		{531E0980-7EE1-404A-AB63-F39F0876D5C5}.Release|Any CPU.ActiveCfg = Release|Any CPU
		{531E0980-7EE1-404A-AB63-F39F0876D5C5}.Release|Any CPU.Build.0 = Release|Any CPU
		{8E58006B-6601-4C8D-9684-E6A3B9D52B47}.Debug|Any CPU.ActiveCfg = Debug|Any CPU
		{8E58006B-6601-4C8D-9684-E6A3B9D52B47}.Debug|Any CPU.Build.0 = Debug|Any CPU
		{8E58006B-6601-4C8D-9684-E6A3B9D52B47}.Release|Any CPU.ActiveCfg = Release|Any CPU
		{8E58006B-6601-4C8D-9684-E6A3B9D52B47}.Release|Any CPU.Build.0 = Release|Any CPU
		{80F42633-62CB-45D5-A243-07914D540A02}.Debug|Any CPU.ActiveCfg = Debug|Any CPU
		{80F42633-62CB-45D5-A243-07914D540A02}.Debug|Any CPU.Build.0 = Debug|Any CPU
		{80F42633-62CB-45D5-A243-07914D540A02}.Release|Any CPU.ActiveCfg = Release|Any CPU
		{80F42633-62CB-45D5-A243-07914D540A02}.Release|Any CPU.Build.0 = Release|Any CPU
	EndGlobalSection
	GlobalSection(SolutionProperties) = preSolution
		HideSolutionNode = FALSE
	EndGlobalSection
	GlobalSection(ExtensibilityGlobals) = postSolution
		SolutionGuid = {09479FE3-5106-45AE-9307-D2B9EAE4BB16}
	EndGlobalSection
EndGlobal
